// !$*UTF8*$!
{
	archiveVersion = 1;
	classes = {
	};
	objectVersion = 52;
	objects = {

/* Begin PBXBuildFile section */
		924EE91325D2C566003C6A87 /* MapViewController.swift in Sources */ = {isa = PBXBuildFile; fileRef = 924EE91225D2C566003C6A87 /* MapViewController.swift */; };
		924EE91725D2C5C6003C6A87 /* JGProgressHUD in Frameworks */ = {isa = PBXBuildFile; productRef = 924EE91625D2C5C6003C6A87 /* JGProgressHUD */; };
		924EE91B25D2C622003C6A87 /* MyLocation.swift in Sources */ = {isa = PBXBuildFile; fileRef = 924EE91A25D2C622003C6A87 /* MyLocation.swift */; };
		924EE92025D2C658003C6A87 /* CustomAnnotation.swift in Sources */ = {isa = PBXBuildFile; fileRef = 924EE91F25D2C658003C6A87 /* CustomAnnotation.swift */; };
		92BBBDA525CF21FA00B3F8BF /* AppDelegate.swift in Sources */ = {isa = PBXBuildFile; fileRef = 92BBBDA425CF21FA00B3F8BF /* AppDelegate.swift */; };
		92BBBDA725CF21FA00B3F8BF /* SceneDelegate.swift in Sources */ = {isa = PBXBuildFile; fileRef = 92BBBDA625CF21FA00B3F8BF /* SceneDelegate.swift */; };
		92BBBDA925CF21FA00B3F8BF /* ViewController.swift in Sources */ = {isa = PBXBuildFile; fileRef = 92BBBDA825CF21FA00B3F8BF /* ViewController.swift */; };
		92BBBDAE25CF21FB00B3F8BF /* Assets.xcassets in Resources */ = {isa = PBXBuildFile; fileRef = 92BBBDAD25CF21FB00B3F8BF /* Assets.xcassets */; };
		92BBBDB125CF21FB00B3F8BF /* LaunchScreen.storyboard in Resources */ = {isa = PBXBuildFile; fileRef = 92BBBDAF25CF21FB00B3F8BF /* LaunchScreen.storyboard */; };
/* End PBXBuildFile section */

/* Begin PBXFileReference section */
		924EE91225D2C566003C6A87 /* MapViewController.swift */ = {isa = PBXFileReference; lastKnownFileType = sourcecode.swift; path = MapViewController.swift; sourceTree = "<group>"; };
		924EE91A25D2C622003C6A87 /* MyLocation.swift */ = {isa = PBXFileReference; lastKnownFileType = sourcecode.swift; path = MyLocation.swift; sourceTree = "<group>"; };
		924EE91F25D2C658003C6A87 /* CustomAnnotation.swift */ = {isa = PBXFileReference; lastKnownFileType = sourcecode.swift; path = CustomAnnotation.swift; sourceTree = "<group>"; };
		92BBBDA125CF21FA00B3F8BF /* DepVid.app */ = {isa = PBXFileReference; explicitFileType = wrapper.application; includeInIndex = 0; path = DepVid.app; sourceTree = BUILT_PRODUCTS_DIR; };
		92BBBDA425CF21FA00B3F8BF /* AppDelegate.swift */ = {isa = PBXFileReference; lastKnownFileType = sourcecode.swift; path = AppDelegate.swift; sourceTree = "<group>"; };
		92BBBDA625CF21FA00B3F8BF /* SceneDelegate.swift */ = {isa = PBXFileReference; lastKnownFileType = sourcecode.swift; path = SceneDelegate.swift; sourceTree = "<group>"; };
		92BBBDA825CF21FA00B3F8BF /* ViewController.swift */ = {isa = PBXFileReference; lastKnownFileType = sourcecode.swift; path = ViewController.swift; sourceTree = "<group>"; };
		92BBBDAD25CF21FB00B3F8BF /* Assets.xcassets */ = {isa = PBXFileReference; lastKnownFileType = folder.assetcatalog; path = Assets.xcassets; sourceTree = "<group>"; };
		92BBBDB025CF21FB00B3F8BF /* Base */ = {isa = PBXFileReference; lastKnownFileType = file.storyboard; name = Base; path = Base.lproj/LaunchScreen.storyboard; sourceTree = "<group>"; };
		92BBBDB225CF21FB00B3F8BF /* Info.plist */ = {isa = PBXFileReference; lastKnownFileType = text.plist.xml; path = Info.plist; sourceTree = "<group>"; };
/* End PBXFileReference section */

/* Begin PBXFrameworksBuildPhase section */
		92BBBD9E25CF21FA00B3F8BF /* Frameworks */ = {
			isa = PBXFrameworksBuildPhase;
			buildActionMask = 2147483647;
			files = (
				924EE91725D2C5C6003C6A87 /* JGProgressHUD in Frameworks */,
			);
			runOnlyForDeploymentPostprocessing = 0;
		};
/* End PBXFrameworksBuildPhase section */

/* Begin PBXGroup section */
		924EE91925D2C60D003C6A87 /* Model */ = {
			isa = PBXGroup;
			children = (
				924EE91A25D2C622003C6A87 /* MyLocation.swift */,
			);
			path = Model;
			sourceTree = "<group>";
		};
		924EE91E25D2C642003C6A87 /* View */ = {
			isa = PBXGroup;
			children = (
				924EE91F25D2C658003C6A87 /* CustomAnnotation.swift */,
			);
			path = View;
			sourceTree = "<group>";
		};
		92BBBD9825CF21FA00B3F8BF = {
			isa = PBXGroup;
			children = (
				92BBBDA325CF21FA00B3F8BF /* DepVid */,
				92BBBDA225CF21FA00B3F8BF /* Products */,
			);
			sourceTree = "<group>";
		};
		92BBBDA225CF21FA00B3F8BF /* Products */ = {
			isa = PBXGroup;
			children = (
				92BBBDA125CF21FA00B3F8BF /* DepVid.app */,
			);
			name = Products;
			sourceTree = "<group>";
		};
		92BBBDA325CF21FA00B3F8BF /* DepVid */ = {
			isa = PBXGroup;
			children = (
				92BBBDB225CF21FB00B3F8BF /* Info.plist */,
				924EE91E25D2C642003C6A87 /* View */,
				924EE91925D2C60D003C6A87 /* Model */,
				92BBBDBA25CF221800B3F8BF /* HelperFiles */,
				92BBBDB925CF221100B3F8BF /* Controllers */,
			);
			path = DepVid;
			sourceTree = "<group>";
		};
		92BBBDB925CF221100B3F8BF /* Controllers */ = {
			isa = PBXGroup;
			children = (
				92BBBDA825CF21FA00B3F8BF /* ViewController.swift */,
				924EE91225D2C566003C6A87 /* MapViewController.swift */,
			);
			path = Controllers;
			sourceTree = "<group>";
		};
		92BBBDBA25CF221800B3F8BF /* HelperFiles */ = {
			isa = PBXGroup;
			children = (
				92BBBDA625CF21FA00B3F8BF /* SceneDelegate.swift */,
				92BBBDA425CF21FA00B3F8BF /* AppDelegate.swift */,
				92BBBDAF25CF21FB00B3F8BF /* LaunchScreen.storyboard */,
				92BBBDAD25CF21FB00B3F8BF /* Assets.xcassets */,
			);
			path = HelperFiles;
			sourceTree = "<group>";
		};
/* End PBXGroup section */

/* Begin PBXNativeTarget section */
		92BBBDA025CF21FA00B3F8BF /* DepVid */ = {
			isa = PBXNativeTarget;
			buildConfigurationList = 92BBBDB525CF21FB00B3F8BF /* Build configuration list for PBXNativeTarget "DepVid" */;
			buildPhases = (
				92BBBD9D25CF21FA00B3F8BF /* Sources */,
				92BBBD9E25CF21FA00B3F8BF /* Frameworks */,
				92BBBD9F25CF21FA00B3F8BF /* Resources */,
			);
			buildRules = (
			);
			dependencies = (
			);
			name = DepVid;
			packageProductDependencies = (
				924EE91625D2C5C6003C6A87 /* JGProgressHUD */,
			);
			productName = DepVid;
			productReference = 92BBBDA125CF21FA00B3F8BF /* DepVid.app */;
			productType = "com.apple.product-type.application";
		};
/* End PBXNativeTarget section */

/* Begin PBXProject section */
		92BBBD9925CF21FA00B3F8BF /* Project object */ = {
			isa = PBXProject;
			attributes = {
				LastSwiftUpdateCheck = 1240;
				LastUpgradeCheck = 1240;
				TargetAttributes = {
					92BBBDA025CF21FA00B3F8BF = {
						CreatedOnToolsVersion = 12.4;
					};
				};
			};
			buildConfigurationList = 92BBBD9C25CF21FA00B3F8BF /* Build configuration list for PBXProject "DepVid" */;
			compatibilityVersion = "Xcode 9.3";
			developmentRegion = en;
			hasScannedForEncodings = 0;
			knownRegions = (
				en,
				Base,
			);
			mainGroup = 92BBBD9825CF21FA00B3F8BF;
			packageReferences = (
				924EE91525D2C5C6003C6A87 /* XCRemoteSwiftPackageReference "JGProgressHUD" */,
			);
			productRefGroup = 92BBBDA225CF21FA00B3F8BF /* Products */;
			projectDirPath = "";
			projectRoot = "";
			targets = (
				92BBBDA025CF21FA00B3F8BF /* DepVid */,
			);
		};
/* End PBXProject section */

/* Begin PBXResourcesBuildPhase section */
		92BBBD9F25CF21FA00B3F8BF /* Resources */ = {
			isa = PBXResourcesBuildPhase;
			buildActionMask = 2147483647;
			files = (
				92BBBDB125CF21FB00B3F8BF /* LaunchScreen.storyboard in Resources */,
				92BBBDAE25CF21FB00B3F8BF /* Assets.xcassets in Resources */,
			);
			runOnlyForDeploymentPostprocessing = 0;
		};
/* End PBXResourcesBuildPhase section */

/* Begin PBXSourcesBuildPhase section */
		92BBBD9D25CF21FA00B3F8BF /* Sources */ = {
			isa = PBXSourcesBuildPhase;
			buildActionMask = 2147483647;
			files = (
				92BBBDA925CF21FA00B3F8BF /* ViewController.swift in Sources */,
				92BBBDA525CF21FA00B3F8BF /* AppDelegate.swift in Sources */,
				924EE91B25D2C622003C6A87 /* MyLocation.swift in Sources */,
				92BBBDA725CF21FA00B3F8BF /* SceneDelegate.swift in Sources */,
				924EE91325D2C566003C6A87 /* MapViewController.swift in Sources */,
				924EE92025D2C658003C6A87 /* CustomAnnotation.swift in Sources */,
			);
			runOnlyForDeploymentPostprocessing = 0;
		};
/* End PBXSourcesBuildPhase section */

/* Begin PBXVariantGroup section */
		92BBBDAF25CF21FB00B3F8BF /* LaunchScreen.storyboard */ = {
			isa = PBXVariantGroup;
			children = (
				92BBBDB025CF21FB00B3F8BF /* Base */,
			);
			name = LaunchScreen.storyboard;
			sourceTree = "<group>";
		};
/* End PBXVariantGroup section */

/* Begin XCBuildConfiguration section */
		92BBBDB325CF21FB00B3F8BF /* Debug */ = {
			isa = XCBuildConfiguration;
			buildSettings = {
				ALWAYS_SEARCH_USER_PATHS = NO;
				CLANG_ANALYZER_NONNULL = YES;
				CLANG_ANALYZER_NUMBER_OBJECT_CONVERSION = YES_AGGRESSIVE;
				CLANG_CXX_LANGUAGE_STANDARD = "gnu++14";
				CLANG_CXX_LIBRARY = "libc++";
				CLANG_ENABLE_MODULES = YES;
				CLANG_ENABLE_OBJC_ARC = YES;
				CLANG_ENABLE_OBJC_WEAK = YES;
				CLANG_WARN_BLOCK_CAPTURE_AUTORELEASING = YES;
				CLANG_WARN_BOOL_CONVERSION = YES;
				CLANG_WARN_COMMA = YES;
				CLANG_WARN_CONSTANT_CONVERSION = YES;
				CLANG_WARN_DEPRECATED_OBJC_IMPLEMENTATIONS = YES;
				CLANG_WARN_DIRECT_OBJC_ISA_USAGE = YES_ERROR;
				CLANG_WARN_DOCUMENTATION_COMMENTS = YES;
				CLANG_WARN_EMPTY_BODY = YES;
				CLANG_WARN_ENUM_CONVERSION = YES;
				CLANG_WARN_INFINITE_RECURSION = YES;
				CLANG_WARN_INT_CONVERSION = YES;
				CLANG_WARN_NON_LITERAL_NULL_CONVERSION = YES;
				CLANG_WARN_OBJC_IMPLICIT_RETAIN_SELF = YES;
				CLANG_WARN_OBJC_LITERAL_CONVERSION = YES;
				CLANG_WARN_OBJC_ROOT_CLASS = YES_ERROR;
				CLANG_WARN_QUOTED_INCLUDE_IN_FRAMEWORK_HEADER = YES;
				CLANG_WARN_RANGE_LOOP_ANALYSIS = YES;
				CLANG_WARN_STRICT_PROTOTYPES = YES;
				CLANG_WARN_SUSPICIOUS_MOVE = YES;
				CLANG_WARN_UNGUARDED_AVAILABILITY = YES_AGGRESSIVE;
				CLANG_WARN_UNREACHABLE_CODE = YES;
				CLANG_WARN__DUPLICATE_METHOD_MATCH = YES;
				COPY_PHASE_STRIP = NO;
				DEBUG_INFORMATION_FORMAT = dwarf;
				ENABLE_STRICT_OBJC_MSGSEND = YES;
				ENABLE_TESTABILITY = YES;
				GCC_C_LANGUAGE_STANDARD = gnu11;
				GCC_DYNAMIC_NO_PIC = NO;
				GCC_NO_COMMON_BLOCKS = YES;
				GCC_OPTIMIZATION_LEVEL = 0;
				GCC_PREPROCESSOR_DEFINITIONS = (
					"DEBUG=1",
					"$(inherited)",
				);
				GCC_WARN_64_TO_32_BIT_CONVERSION = YES;
				GCC_WARN_ABOUT_RETURN_TYPE = YES_ERROR;
				GCC_WARN_UNDECLARED_SELECTOR = YES;
				GCC_WARN_UNINITIALIZED_AUTOS = YES_AGGRESSIVE;
				GCC_WARN_UNUSED_FUNCTION = YES;
				GCC_WARN_UNUSED_VARIABLE = YES;
				IPHONEOS_DEPLOYMENT_TARGET = 14.1;
				MTL_ENABLE_DEBUG_INFO = INCLUDE_SOURCE;
				MTL_FAST_MATH = YES;
				ONLY_ACTIVE_ARCH = YES;
				SDKROOT = iphoneos;
				SWIFT_ACTIVE_COMPILATION_CONDITIONS = DEBUG;
				SWIFT_OPTIMIZATION_LEVEL = "-Onone";
			};
			name = Debug;
		};
		92BBBDB425CF21FB00B3F8BF /* Release */ = {
			isa = XCBuildConfiguration;
			buildSettings = {
				ALWAYS_SEARCH_USER_PATHS = NO;
				CLANG_ANALYZER_NONNULL = YES;
				CLANG_ANALYZER_NUMBER_OBJECT_CONVERSION = YES_AGGRESSIVE;
				CLANG_CXX_LANGUAGE_STANDARD = "gnu++14";
				CLANG_CXX_LIBRARY = "libc++";
				CLANG_ENABLE_MODULES = YES;
				CLANG_ENABLE_OBJC_ARC = YES;
				CLANG_ENABLE_OBJC_WEAK = YES;
				CLANG_WARN_BLOCK_CAPTURE_AUTORELEASING = YES;
				CLANG_WARN_BOOL_CONVERSION = YES;
				CLANG_WARN_COMMA = YES;
				CLANG_WARN_CONSTANT_CONVERSION = YES;
				CLANG_WARN_DEPRECATED_OBJC_IMPLEMENTATIONS = YES;
				CLANG_WARN_DIRECT_OBJC_ISA_USAGE = YES_ERROR;
				CLANG_WARN_DOCUMENTATION_COMMENTS = YES;
				CLANG_WARN_EMPTY_BODY = YES;
				CLANG_WARN_ENUM_CONVERSION = YES;
				CLANG_WARN_INFINITE_RECURSION = YES;
				CLANG_WARN_INT_CONVERSION = YES;
				CLANG_WARN_NON_LITERAL_NULL_CONVERSION = YES;
				CLANG_WARN_OBJC_IMPLICIT_RETAIN_SELF = YES;
				CLANG_WARN_OBJC_LITERAL_CONVERSION = YES;
				CLANG_WARN_OBJC_ROOT_CLASS = YES_ERROR;
				CLANG_WARN_QUOTED_INCLUDE_IN_FRAMEWORK_HEADER = YES;
				CLANG_WARN_RANGE_LOOP_ANALYSIS = YES;
				CLANG_WARN_STRICT_PROTOTYPES = YES;
				CLANG_WARN_SUSPICIOUS_MOVE = YES;
				CLANG_WARN_UNGUARDED_AVAILABILITY = YES_AGGRESSIVE;
				CLANG_WARN_UNREACHABLE_CODE = YES;
				CLANG_WARN__DUPLICATE_METHOD_MATCH = YES;
				COPY_PHASE_STRIP = NO;
				DEBUG_INFORMATION_FORMAT = "dwarf-with-dsym";
				ENABLE_NS_ASSERTIONS = NO;
				ENABLE_STRICT_OBJC_MSGSEND = YES;
				GCC_C_LANGUAGE_STANDARD = gnu11;
				GCC_NO_COMMON_BLOCKS = YES;
				GCC_WARN_64_TO_32_BIT_CONVERSION = YES;
				GCC_WARN_ABOUT_RETURN_TYPE = YES_ERROR;
				GCC_WARN_UNDECLARED_SELECTOR = YES;
				GCC_WARN_UNINITIALIZED_AUTOS = YES_AGGRESSIVE;
				GCC_WARN_UNUSED_FUNCTION = YES;
				GCC_WARN_UNUSED_VARIABLE = YES;
				IPHONEOS_DEPLOYMENT_TARGET = 14.1;
				MTL_ENABLE_DEBUG_INFO = NO;
				MTL_FAST_MATH = YES;
				SDKROOT = iphoneos;
				SWIFT_COMPILATION_MODE = wholemodule;
				SWIFT_OPTIMIZATION_LEVEL = "-O";
				VALIDATE_PRODUCT = YES;
			};
			name = Release;
		};
		92BBBDB625CF21FB00B3F8BF /* Debug */ = {
			isa = XCBuildConfiguration;
			buildSettings = {
				ASSETCATALOG_COMPILER_APPICON_NAME = AppIcon;
				ASSETCATALOG_COMPILER_GLOBAL_ACCENT_COLOR_NAME = AccentColor;
				CODE_SIGN_STYLE = Automatic;
				DEVELOPMENT_TEAM = 2E3GYECC25;
				INFOPLIST_FILE = DepVid/Info.plist;
				LD_RUNPATH_SEARCH_PATHS = (
					"$(inherited)",
					"@executable_path/Frameworks",
				);
				PRODUCT_BUNDLE_IDENTIFIER = md.DepVid;
				PRODUCT_NAME = "$(TARGET_NAME)";
				SWIFT_VERSION = 5.0;
				TARGETED_DEVICE_FAMILY = "1,2";
			};
			name = Debug;
		};
		92BBBDB725CF21FB00B3F8BF /* Release */ = {
			isa = XCBuildConfiguration;
			buildSettings = {
				ASSETCATALOG_COMPILER_APPICON_NAME = AppIcon;
				ASSETCATALOG_COMPILER_GLOBAL_ACCENT_COLOR_NAME = AccentColor;
				CODE_SIGN_STYLE = Automatic;
				DEVELOPMENT_TEAM = 2E3GYECC25;
				INFOPLIST_FILE = DepVid/Info.plist;
				LD_RUNPATH_SEARCH_PATHS = (
					"$(inherited)",
					"@executable_path/Frameworks",
				);
				PRODUCT_BUNDLE_IDENTIFIER = md.DepVid;
				PRODUCT_NAME = "$(TARGET_NAME)";
				SWIFT_VERSION = 5.0;
				TARGETED_DEVICE_FAMILY = "1,2";
			};
			name = Release;
		};
/* End XCBuildConfiguration section */

/* Begin XCConfigurationList section */
		92BBBD9C25CF21FA00B3F8BF /* Build configuration list for PBXProject "DepVid" */ = {
			isa = XCConfigurationList;
			buildConfigurations = (
				92BBBDB325CF21FB00B3F8BF /* Debug */,
				92BBBDB425CF21FB00B3F8BF /* Release */,
			);
			defaultConfigurationIsVisible = 0;
			defaultConfigurationName = Release;
		};
		92BBBDB525CF21FB00B3F8BF /* Build configuration list for PBXNativeTarget "DepVid" */ = {
			isa = XCConfigurationList;
			buildConfigurations = (
				92BBBDB625CF21FB00B3F8BF /* Debug */,
				92BBBDB725CF21FB00B3F8BF /* Release */,
			);
			defaultConfigurationIsVisible = 0;
			defaultConfigurationName = Release;
		};
/* End XCConfigurationList section */

/* Begin XCRemoteSwiftPackageReference section */
		924EE91525D2C5C6003C6A87 /* XCRemoteSwiftPackageReference "JGProgressHUD" */ = {
			isa = XCRemoteSwiftPackageReference;
			repositoryURL = "https://github.com/JonasGessner/JGProgressHUD.git";
			requirement = {
				kind = upToNextMajorVersion;
				minimumVersion = 2.2.0;
			};
		};
/* End XCRemoteSwiftPackageReference section */

/* Begin XCSwiftPackageProductDependency section */
		924EE91625D2C5C6003C6A87 /* JGProgressHUD */ = {
			isa = XCSwiftPackageProductDependency;
			package = 924EE91525D2C5C6003C6A87 /* XCRemoteSwiftPackageReference "JGProgressHUD" */;
			productName = JGProgressHUD;
		};
/* End XCSwiftPackageProductDependency section */
	};
	rootObject = 92BBBD9925CF21FA00B3F8BF /* Project object */;
}
